
Microsoft Visual Studio Solution File, Format Version 12.00
# Visual Studio Version 16
VisualStudioVersion = 16.0.31205.134
MinimumVisualStudioVersion = 10.0.40219.1
Project("{FAE04EC0-301F-11D3-BF4B-00C04F79EFBC}") = "operador-atribuicao", "operador-atribuicao.csproj", "{33DD8708-94FA-44AA-B947-AC062866FD8E}"
EndProject
Global
	GlobalSection(SolutionConfigurationPlatforms) = preSolution
		Debug|Any CPU = Debug|Any CPU
		Release|Any CPU = Release|Any CPU
	EndGlobalSection
	GlobalSection(ProjectConfigurationPlatforms) = postSolution
		{33DD8708-94FA-44AA-B947-AC062866FD8E}.Debug|Any CPU.ActiveCfg = Debug|Any CPU
		{33DD8708-94FA-44AA-B947-AC062866FD8E}.Debug|Any CPU.Build.0 = Debug|Any CPU
		{33DD8708-94FA-44AA-B947-AC062866FD8E}.Release|Any CPU.ActiveCfg = Release|Any CPU
		{33DD8708-94FA-44AA-B947-AC062866FD8E}.Release|Any CPU.Build.0 = Release|Any CPU
	EndGlobalSection
	GlobalSection(SolutionProperties) = preSolution
		HideSolutionNode = FALSE
	EndGlobalSection
	GlobalSection(ExtensibilityGlobals) = postSolution
		SolutionGuid = {86A2B300-D8F8-4D6A-AD16-D338DA63EF66}
	EndGlobalSection
EndGlobal
